
Microsoft Visual Studio Solution File, Format Version 12.00
# Visual Studio Version 16
VisualStudioVersion = 16.0.30611.23
MinimumVisualStudioVersion = 10.0.40219.1
Project("{FAE04EC0-301F-11D3-BF4B-00C04F79EFBC}") = "LINQSample", "LINQSample\LINQSample.csproj", "{BC517778-3B53-4D38-BD2F-BAD1F8CBD655}"
EndProject
Global
	GlobalSection(SolutionConfigurationPlatforms) = preSolution
		Debug|Any CPU = Debug|Any CPU
		Release|Any CPU = Release|Any CPU
	EndGlobalSection
	GlobalSection(ProjectConfigurationPlatforms) = postSolution
		{BC517778-3B53-4D38-BD2F-BAD1F8CBD655}.Debug|Any CPU.ActiveCfg = Debug|Any CPU
		{BC517778-3B53-4D38-BD2F-BAD1F8CBD655}.Debug|Any CPU.Build.0 = Debug|Any CPU
		{BC517778-3B53-4D38-BD2F-BAD1F8CBD655}.Release|Any CPU.ActiveCfg = Release|Any CPU
		{BC517778-3B53-4D38-BD2F-BAD1F8CBD655}.Release|Any CPU.Build.0 = Release|Any CPU
	EndGlobalSection
	GlobalSection(SolutionProperties) = preSolution
		HideSolutionNode = FALSE
	EndGlobalSection
	GlobalSection(ExtensibilityGlobals) = postSolution
		SolutionGuid = {E122561C-58C5-4DA1-910C-49451490B862}
	EndGlobalSection
EndGlobal
