
Microsoft Visual Studio Solution File, Format Version 12.00
# Visual Studio Version 16
VisualStudioVersion = 16.0.30611.23
MinimumVisualStudioVersion = 10.0.40219.1
Project("{FAE04EC0-301F-11D3-BF4B-00C04F79EFBC}") = "LinqToSQL", "LINQSample\LinqToSQL.csproj", "{BC517778-3B53-4D38-BD2F-BAD1F8CBD655}"
EndProject
Project("{FAE04EC0-301F-11D3-BF4B-00C04F79EFBC}") = "LinqAggregate", "LinqAggregate\LinqAggregate.csproj", "{549FDCFF-5C1F-4C12-BE9C-B7308B771970}"
EndProject
Project("{FAE04EC0-301F-11D3-BF4B-00C04F79EFBC}") = "LinqWhere", "LinqWhere\LinqWhere.csproj", "{51C6B107-FB55-4931-833D-03827D457BB1}"
EndProject
Project("{FAE04EC0-301F-11D3-BF4B-00C04F79EFBC}") = "LinqSelectAndSelectMany", "LinqSelectAndSelectMany\LinqSelectAndSelectMany.csproj", "{F855E14A-BF0E-46F0-812C-0040CD46DC2D}"
EndProject
Project("{FAE04EC0-301F-11D3-BF4B-00C04F79EFBC}") = "Common", "Common\Common.csproj", "{01388B0A-D88E-4707-9A52-15410B40B819}"
EndProject
Project("{FAE04EC0-301F-11D3-BF4B-00C04F79EFBC}") = "LinqOrder", "LinqOrder\LinqOrder.csproj", "{D8444FDC-9D46-4BBD-B75C-18BF6C1E28DA}"
EndProject
Project("{FAE04EC0-301F-11D3-BF4B-00C04F79EFBC}") = "LinqTake_Skip_TakeWhile_SkipWhile_Paging", "LinqTake_Skip_TakeWhile_SkipWhile_Paging\LinqTake_Skip_TakeWhile_SkipWhile_Paging.csproj", "{5A6EB5DC-1B5D-4563-8766-B89511D2A377}"
EndProject
Global
	GlobalSection(SolutionConfigurationPlatforms) = preSolution
		Debug|Any CPU = Debug|Any CPU
		Release|Any CPU = Release|Any CPU
	EndGlobalSection
	GlobalSection(ProjectConfigurationPlatforms) = postSolution
		{BC517778-3B53-4D38-BD2F-BAD1F8CBD655}.Debug|Any CPU.ActiveCfg = Debug|Any CPU
		{BC517778-3B53-4D38-BD2F-BAD1F8CBD655}.Debug|Any CPU.Build.0 = Debug|Any CPU
		{BC517778-3B53-4D38-BD2F-BAD1F8CBD655}.Release|Any CPU.ActiveCfg = Release|Any CPU
		{BC517778-3B53-4D38-BD2F-BAD1F8CBD655}.Release|Any CPU.Build.0 = Release|Any CPU
		{549FDCFF-5C1F-4C12-BE9C-B7308B771970}.Debug|Any CPU.ActiveCfg = Debug|Any CPU
		{549FDCFF-5C1F-4C12-BE9C-B7308B771970}.Debug|Any CPU.Build.0 = Debug|Any CPU
		{549FDCFF-5C1F-4C12-BE9C-B7308B771970}.Release|Any CPU.ActiveCfg = Release|Any CPU
		{549FDCFF-5C1F-4C12-BE9C-B7308B771970}.Release|Any CPU.Build.0 = Release|Any CPU
		{51C6B107-FB55-4931-833D-03827D457BB1}.Debug|Any CPU.ActiveCfg = Debug|Any CPU
		{51C6B107-FB55-4931-833D-03827D457BB1}.Debug|Any CPU.Build.0 = Debug|Any CPU
		{51C6B107-FB55-4931-833D-03827D457BB1}.Release|Any CPU.ActiveCfg = Release|Any CPU
		{51C6B107-FB55-4931-833D-03827D457BB1}.Release|Any CPU.Build.0 = Release|Any CPU
		{F855E14A-BF0E-46F0-812C-0040CD46DC2D}.Debug|Any CPU.ActiveCfg = Debug|Any CPU
		{F855E14A-BF0E-46F0-812C-0040CD46DC2D}.Debug|Any CPU.Build.0 = Debug|Any CPU
		{F855E14A-BF0E-46F0-812C-0040CD46DC2D}.Release|Any CPU.ActiveCfg = Release|Any CPU
		{F855E14A-BF0E-46F0-812C-0040CD46DC2D}.Release|Any CPU.Build.0 = Release|Any CPU
		{01388B0A-D88E-4707-9A52-15410B40B819}.Debug|Any CPU.ActiveCfg = Debug|Any CPU
		{01388B0A-D88E-4707-9A52-15410B40B819}.Debug|Any CPU.Build.0 = Debug|Any CPU
		{01388B0A-D88E-4707-9A52-15410B40B819}.Release|Any CPU.ActiveCfg = Release|Any CPU
		{01388B0A-D88E-4707-9A52-15410B40B819}.Release|Any CPU.Build.0 = Release|Any CPU
		{D8444FDC-9D46-4BBD-B75C-18BF6C1E28DA}.Debug|Any CPU.ActiveCfg = Debug|Any CPU
		{D8444FDC-9D46-4BBD-B75C-18BF6C1E28DA}.Debug|Any CPU.Build.0 = Debug|Any CPU
		{D8444FDC-9D46-4BBD-B75C-18BF6C1E28DA}.Release|Any CPU.ActiveCfg = Release|Any CPU
		{D8444FDC-9D46-4BBD-B75C-18BF6C1E28DA}.Release|Any CPU.Build.0 = Release|Any CPU
		{5A6EB5DC-1B5D-4563-8766-B89511D2A377}.Debug|Any CPU.ActiveCfg = Debug|Any CPU
		{5A6EB5DC-1B5D-4563-8766-B89511D2A377}.Debug|Any CPU.Build.0 = Debug|Any CPU
		{5A6EB5DC-1B5D-4563-8766-B89511D2A377}.Release|Any CPU.ActiveCfg = Release|Any CPU
		{5A6EB5DC-1B5D-4563-8766-B89511D2A377}.Release|Any CPU.Build.0 = Release|Any CPU
	EndGlobalSection
	GlobalSection(SolutionProperties) = preSolution
		HideSolutionNode = FALSE
	EndGlobalSection
	GlobalSection(ExtensibilityGlobals) = postSolution
		SolutionGuid = {E122561C-58C5-4DA1-910C-49451490B862}
	EndGlobalSection
EndGlobal
